
Microsoft Visual Studio Solution File, Format Version 12.00
# Visual Studio Version 16
VisualStudioVersion = 16.0.30225.117
MinimumVisualStudioVersion = 10.0.40219.1
Project("{FAE04EC0-301F-11D3-BF4B-00C04F79EFBC}") = "Timeline test", "Timeline test\Timeline test.csproj", "{23044651-8939-4BB4-A319-DA9194FF9315}"
EndProject
Global
	GlobalSection(SolutionConfigurationPlatforms) = preSolution
		Debug|Any CPU = Debug|Any CPU
		Release|Any CPU = Release|Any CPU
	EndGlobalSection
	GlobalSection(ProjectConfigurationPlatforms) = postSolution
		{23044651-8939-4BB4-A319-DA9194FF9315}.Debug|Any CPU.ActiveCfg = Debug|Any CPU
		{23044651-8939-4BB4-A319-DA9194FF9315}.Debug|Any CPU.Build.0 = Debug|Any CPU
		{23044651-8939-4BB4-A319-DA9194FF9315}.Release|Any CPU.ActiveCfg = Release|Any CPU
		{23044651-8939-4BB4-A319-DA9194FF9315}.Release|Any CPU.Build.0 = Release|Any CPU
	EndGlobalSection
	GlobalSection(SolutionProperties) = preSolution
		HideSolutionNode = FALSE
	EndGlobalSection
	GlobalSection(ExtensibilityGlobals) = postSolution
		SolutionGuid = {0E68F364-E02B-47F1-9796-D12C2DD05E05}
	EndGlobalSection
EndGlobal
